Microsoft Visual Studio Solution File, Format Version 12.00
# Visual Studio Version 17
VisualStudioVersion = 17.5.2.0
MinimumVisualStudioVersion = 10.0.40219.1
Project("{FAE04EC0-301F-11D3-BF4B-00C04F79EFBC}") = "meuAppBlazor", "meuAppBlazor\meuAppBlazor.csproj", "{5BA8D866-D4B8-74ED-CF7F-A9B6ED8AA68B}"
EndProject
Global
	GlobalSection(SolutionConfigurationPlatforms) = preSolution
		Debug|Any CPU = Debug|Any CPU
		Release|Any CPU = Release|Any CPU
	EndGlobalSection
	GlobalSection(ProjectConfigurationPlatforms) = postSolution
		{5BA8D866-D4B8-74ED-CF7F-A9B6ED8AA68B}.Debug|Any CPU.ActiveCfg = Debug|Any CPU
		{5BA8D866-D4B8-74ED-CF7F-A9B6ED8AA68B}.Debug|Any CPU.Build.0 = Debug|Any CPU
		{5BA8D866-D4B8-74ED-CF7F-A9B6ED8AA68B}.Release|Any CPU.ActiveCfg = Release|Any CPU
		{5BA8D866-D4B8-74ED-CF7F-A9B6ED8AA68B}.Release|Any CPU.Build.0 = Release|Any CPU
	EndGlobalSection
	GlobalSection(SolutionProperties) = preSolution
		HideSolutionNode = FALSE
	EndGlobalSection
	GlobalSection(ExtensibilityGlobals) = postSolution
		SolutionGuid = {2E997F28-1D1B-4CA3-B17E-B70C2D1506CB}
	EndGlobalSection
EndGlobal
